
Microsoft Visual Studio Solution File, Format Version 12.00
# Visual Studio Version 17
VisualStudioVersion = 17.14.36603.0
MinimumVisualStudioVersion = 10.0.40219.1
Project("{FAE04EC0-301F-11D3-BF4B-00C04F79EFBC}") = "Plat_prog", "Plat_prog\Plat_prog.csproj", "{98DF1A4C-F11C-4183-86DE-3C3CEDB8836B}"
EndProject
Global
	GlobalSection(SolutionConfigurationPlatforms) = preSolution
		Debug|Any CPU = Debug|Any CPU
		Release|Any CPU = Release|Any CPU
	EndGlobalSection
	GlobalSection(ProjectConfigurationPlatforms) = postSolution
		{98DF1A4C-F11C-4183-86DE-3C3CEDB8836B}.Debug|Any CPU.ActiveCfg = Debug|Any CPU
		{98DF1A4C-F11C-4183-86DE-3C3CEDB8836B}.Debug|Any CPU.Build.0 = Debug|Any CPU
		{98DF1A4C-F11C-4183-86DE-3C3CEDB8836B}.Release|Any CPU.ActiveCfg = Release|Any CPU
		{98DF1A4C-F11C-4183-86DE-3C3CEDB8836B}.Release|Any CPU.Build.0 = Release|Any CPU
	EndGlobalSection
	GlobalSection(SolutionProperties) = preSolution
		HideSolutionNode = FALSE
	EndGlobalSection
	GlobalSection(ExtensibilityGlobals) = postSolution
		SolutionGuid = {BCB187BD-6B8D-40F1-BEA8-A9E1EB13CF6A}
	EndGlobalSection
EndGlobal
